// !$*UTF8*$!
{
	archiveVersion = 1;
	classes = {
	};
	objectVersion = 46;
	objects = {

/* Begin PBXBuildFile section */
		D634876D1F8F1438009482F0 /* AppDelegate.swift in Sources */ = {isa = PBXBuildFile; fileRef = D634876C1F8F1438009482F0 /* AppDelegate.swift */; };
		D634876F1F8F1438009482F0 /* ViewController.swift in Sources */ = {isa = PBXBuildFile; fileRef = D634876E1F8F1438009482F0 /* ViewController.swift */; };
		D63487721F8F1438009482F0 /* Main.storyboard in Resources */ = {isa = PBXBuildFile; fileRef = D63487701F8F1438009482F0 /* Main.storyboard */; };
		D63487741F8F1438009482F0 /* Assets.xcassets in Resources */ = {isa = PBXBuildFile; fileRef = D63487731F8F1438009482F0 /* Assets.xcassets */; };
		D63487771F8F1438009482F0 /* LaunchScreen.storyboard in Resources */ = {isa = PBXBuildFile; fileRef = D63487751F8F1438009482F0 /* LaunchScreen.storyboard */; };
		D63487821F8F1438009482F0 /* Quiz12Oct_1Tests.swift in Sources */ = {isa = PBXBuildFile; fileRef = D63487811F8F1438009482F0 /* Quiz12Oct_1Tests.swift */; };
		D634878D1F8F1438009482F0 /* Quiz12Oct_1UITests.swift in Sources */ = {isa = PBXBuildFile; fileRef = D634878C1F8F1438009482F0 /* Quiz12Oct_1UITests.swift */; };
		D634879B1F8F1854009482F0 /* 1.jpg in Resources */ = {isa = PBXBuildFile; fileRef = D634879A1F8F1854009482F0 /* 1.jpg */; };
		D634879D1F8F1872009482F0 /* 2.png in Resources */ = {isa = PBXBuildFile; fileRef = D634879C1F8F1872009482F0 /* 2.png */; };
/* End PBXBuildFile section */

/* Begin PBXContainerItemProxy section */
		D634877E1F8F1438009482F0 /* PBXContainerItemProxy */ = {
			isa = PBXContainerItemProxy;
			containerPortal = D63487611F8F1438009482F0 /* Project object */;
			proxyType = 1;
			remoteGlobalIDString = D63487681F8F1438009482F0;
			remoteInfo = Quiz12Oct_1;
		};
		D63487891F8F1438009482F0 /* PBXContainerItemProxy */ = {
			isa = PBXContainerItemProxy;
			containerPortal = D63487611F8F1438009482F0 /* Project object */;
			proxyType = 1;
			remoteGlobalIDString = D63487681F8F1438009482F0;
			remoteInfo = Quiz12Oct_1;
		};
/* End PBXContainerItemProxy section */

/* Begin PBXFileReference section */
		D63487691F8F1438009482F0 /* Quiz12Oct_1.app */ = {isa = PBXFileReference; explicitFileType = wrapper.application; includeInIndex = 0; path = Quiz12Oct_1.app; sourceTree = BUILT_PRODUCTS_DIR; };
		D634876C1F8F1438009482F0 /* AppDelegate.swift */ = {isa = PBXFileReference; lastKnownFileType = sourcecode.swift; path = AppDelegate.swift; sourceTree = "<group>"; };
		D634876E1F8F1438009482F0 /* ViewController.swift */ = {isa = PBXFileReference; lastKnownFileType = sourcecode.swift; path = ViewController.swift; sourceTree = "<group>"; };
		D63487711F8F1438009482F0 /* Base */ = {isa = PBXFileReference; lastKnownFileType = file.storyboard; name = Base; path = Base.lproj/Main.storyboard; sourceTree = "<group>"; };
		D63487731F8F1438009482F0 /* Assets.xcassets */ = {isa = PBXFileReference; lastKnownFileType = folder.assetcatalog; path = Assets.xcassets; sourceTree = "<group>"; };
		D63487761F8F1438009482F0 /* Base */ = {isa = PBXFileReference; lastKnownFileType = file.storyboard; name = Base; path = Base.lproj/LaunchScreen.storyboard; sourceTree = "<group>"; };
		D63487781F8F1438009482F0 /* Info.plist */ = {isa = PBXFileReference; lastKnownFileType = text.plist.xml; path = Info.plist; sourceTree = "<group>"; };
		D634877D1F8F1438009482F0 /* Quiz12Oct_1Tests.xctest */ = {isa = PBXFileReference; explicitFileType = wrapper.cfbundle; includeInIndex = 0; path = Quiz12Oct_1Tests.xctest; sourceTree = BUILT_PRODUCTS_DIR; };
		D63487811F8F1438009482F0 /* Quiz12Oct_1Tests.swift */ = {isa = PBXFileReference; lastKnownFileType = sourcecode.swift; path = Quiz12Oct_1Tests.swift; sourceTree = "<group>"; };
		D63487831F8F1438009482F0 /* Info.plist */ = {isa = PBXFileReference; lastKnownFileType = text.plist.xml; path = Info.plist; sourceTree = "<group>"; };
		D63487881F8F1438009482F0 /* Quiz12Oct_1UITests.xctest */ = {isa = PBXFileReference; explicitFileType = wrapper.cfbundle; includeInIndex = 0; path = Quiz12Oct_1UITests.xctest; sourceTree = BUILT_PRODUCTS_DIR; };
		D634878C1F8F1438009482F0 /* Quiz12Oct_1UITests.swift */ = {isa = PBXFileReference; lastKnownFileType = sourcecode.swift; path = Quiz12Oct_1UITests.swift; sourceTree = "<group>"; };
		D634878E1F8F1438009482F0 /* Info.plist */ = {isa = PBXFileReference; lastKnownFileType = text.plist.xml; path = Info.plist; sourceTree = "<group>"; };
		D634879A1F8F1854009482F0 /* 1.jpg */ = {isa = PBXFileReference; lastKnownFileType = image.jpeg; path = 1.jpg; sourceTree = "<group>"; };
		D634879C1F8F1872009482F0 /* 2.png */ = {isa = PBXFileReference; lastKnownFileType = image.png; path = 2.png; sourceTree = "<group>"; };
/* End PBXFileReference section */

/* Begin PBXFrameworksBuildPhase section */
		D63487661F8F1438009482F0 /* Frameworks */ = {
			isa = PBXFrameworksBuildPhase;
			buildActionMask = 2147483647;
			files = (
			);
			runOnlyForDeploymentPostprocessing = 0;
		};
		D634877A1F8F1438009482F0 /* Frameworks */ = {
			isa = PBXFrameworksBuildPhase;
			buildActionMask = 2147483647;
			files = (
			);
			runOnlyForDeploymentPostprocessing = 0;
		};
		D63487851F8F1438009482F0 /* Frameworks */ = {
			isa = PBXFrameworksBuildPhase;
			buildActionMask = 2147483647;
			files = (
			);
			runOnlyForDeploymentPostprocessing = 0;
		};
/* End PBXFrameworksBuildPhase section */

/* Begin PBXGroup section */
		D63487601F8F1438009482F0 = {
			isa = PBXGroup;
			children = (
				D634876B1F8F1438009482F0 /* Quiz12Oct_1 */,
				D63487801F8F1438009482F0 /* Quiz12Oct_1Tests */,
				D634878B1F8F1438009482F0 /* Quiz12Oct_1UITests */,
				D634876A1F8F1438009482F0 /* Products */,
			);
			sourceTree = "<group>";
		};
		D634876A1F8F1438009482F0 /* Products */ = {
			isa = PBXGroup;
			children = (
				D63487691F8F1438009482F0 /* Quiz12Oct_1.app */,
				D634877D1F8F1438009482F0 /* Quiz12Oct_1Tests.xctest */,
				D63487881F8F1438009482F0 /* Quiz12Oct_1UITests.xctest */,
			);
			name = Products;
			sourceTree = "<group>";
		};
		D634876B1F8F1438009482F0 /* Quiz12Oct_1 */ = {
			isa = PBXGroup;
			children = (
				D634876C1F8F1438009482F0 /* AppDelegate.swift */,
				D634876E1F8F1438009482F0 /* ViewController.swift */,
				D63487701F8F1438009482F0 /* Main.storyboard */,
				D634879A1F8F1854009482F0 /* 1.jpg */,
				D634879C1F8F1872009482F0 /* 2.png */,
				D63487731F8F1438009482F0 /* Assets.xcassets */,
				D63487751F8F1438009482F0 /* LaunchScreen.storyboard */,
				D63487781F8F1438009482F0 /* Info.plist */,
			);
			path = Quiz12Oct_1;
			sourceTree = "<group>";
		};
		D63487801F8F1438009482F0 /* Quiz12Oct_1Tests */ = {
			isa = PBXGroup;
			children = (
				D63487811F8F1438009482F0 /* Quiz12Oct_1Tests.swift */,
				D63487831F8F1438009482F0 /* Info.plist */,
			);
			path = Quiz12Oct_1Tests;
			sourceTree = "<group>";
		};
		D634878B1F8F1438009482F0 /* Quiz12Oct_1UITests */ = {
			isa = PBXGroup;
			children = (
				D634878C1F8F1438009482F0 /* Quiz12Oct_1UITests.swift */,
				D634878E1F8F1438009482F0 /* Info.plist */,
			);
			path = Quiz12Oct_1UITests;
			sourceTree = "<group>";
		};
/* End PBXGroup section */

/* Begin PBXNativeTarget section */
		D63487681F8F1438009482F0 /* Quiz12Oct_1 */ = {
			isa = PBXNativeTarget;
			buildConfigurationList = D63487911F8F1438009482F0 /* Build configuration list for PBXNativeTarget "Quiz12Oct_1" */;
			buildPhases = (
				D63487651F8F1438009482F0 /* Sources */,
				D63487661F8F1438009482F0 /* Frameworks */,
				D63487671F8F1438009482F0 /* Resources */,
			);
			buildRules = (
			);
			dependencies = (
			);
			name = Quiz12Oct_1;
			productName = Quiz12Oct_1;
			productReference = D63487691F8F1438009482F0 /* Quiz12Oct_1.app */;
			productType = "com.apple.product-type.application";
		};
		D634877C1F8F1438009482F0 /* Quiz12Oct_1Tests */ = {
			isa = PBXNativeTarget;
			buildConfigurationList = D63487941F8F1438009482F0 /* Build configuration list for PBXNativeTarget "Quiz12Oct_1Tests" */;
			buildPhases = (
				D63487791F8F1438009482F0 /* Sources */,
				D634877A1F8F1438009482F0 /* Frameworks */,
				D634877B1F8F1438009482F0 /* Resources */,
			);
			buildRules = (
			);
			dependencies = (
				D634877F1F8F1438009482F0 /* PBXTargetDependency */,
			);
			name = Quiz12Oct_1Tests;
			productName = Quiz12Oct_1Tests;
			productReference = D634877D1F8F1438009482F0 /* Quiz12Oct_1Tests.xctest */;
			productType = "com.apple.product-type.bundle.unit-test";
		};
		D63487871F8F1438009482F0 /* Quiz12Oct_1UITests */ = {
			isa = PBXNativeTarget;
			buildConfigurationList = D63487971F8F1438009482F0 /* Build configuration list for PBXNativeTarget "Quiz12Oct_1UITests" */;
			buildPhases = (
				D63487841F8F1438009482F0 /* Sources */,
				D63487851F8F1438009482F0 /* Frameworks */,
				D63487861F8F1438009482F0 /* Resources */,
			);
			buildRules = (
			);
			dependencies = (
				D634878A1F8F1438009482F0 /* PBXTargetDependency */,
			);
			name = Quiz12Oct_1UITests;
			productName = Quiz12Oct_1UITests;
			productReference = D63487881F8F1438009482F0 /* Quiz12Oct_1UITests.xctest */;
			productType = "com.apple.product-type.bundle.ui-testing";
		};
/* End PBXNativeTarget section */

/* Begin PBXProject section */
		D63487611F8F1438009482F0 /* Project object */ = {
			isa = PBXProject;
			attributes = {
				LastSwiftUpdateCheck = 0830;
				LastUpgradeCheck = 0830;
				ORGANIZATIONNAME = "Be Dev";
				TargetAttributes = {
					D63487681F8F1438009482F0 = {
						CreatedOnToolsVersion = 8.3.3;
						ProvisioningStyle = Automatic;
					};
					D634877C1F8F1438009482F0 = {
						CreatedOnToolsVersion = 8.3.3;
						ProvisioningStyle = Automatic;
						TestTargetID = D63487681F8F1438009482F0;
					};
					D63487871F8F1438009482F0 = {
						CreatedOnToolsVersion = 8.3.3;
						ProvisioningStyle = Automatic;
						TestTargetID = D63487681F8F1438009482F0;
					};
				};
			};
			buildConfigurationList = D63487641F8F1438009482F0 /* Build configuration list for PBXProject "Quiz12Oct_1" */;
			compatibilityVersion = "Xcode 3.2";
			developmentRegion = English;
			hasScannedForEncodings = 0;
			knownRegions = (
				en,
				Base,
			);
			mainGroup = D63487601F8F1438009482F0;
			productRefGroup = D634876A1F8F1438009482F0 /* Products */;
			projectDirPath = "";
			projectRoot = "";
			targets = (
				D63487681F8F1438009482F0 /* Quiz12Oct_1 */,
				D634877C1F8F1438009482F0 /* Quiz12Oct_1Tests */,
				D63487871F8F1438009482F0 /* Quiz12Oct_1UITests */,
			);
		};
/* End PBXProject section */

/* Begin PBXResourcesBuildPhase section */
		D63487671F8F1438009482F0 /* Resources */ = {
			isa = PBXResourcesBuildPhase;
			buildActionMask = 2147483647;
			files = (
				D63487771F8F1438009482F0 /* LaunchScreen.storyboard in Resources */,
				D634879B1F8F1854009482F0 /* 1.jpg in Resources */,
				D634879D1F8F1872009482F0 /* 2.png in Resources */,
				D63487741F8F1438009482F0 /* Assets.xcassets in Resources */,
				D63487721F8F1438009482F0 /* Main.storyboard in Resources */,
			);
			runOnlyForDeploymentPostprocessing = 0;
		};
		D634877B1F8F1438009482F0 /* Resources */ = {
			isa = PBXResourcesBuildPhase;
			buildActionMask = 2147483647;
			files = (
			);
			runOnlyForDeploymentPostprocessing = 0;
		};
		D63487861F8F1438009482F0 /* Resources */ = {
			isa = PBXResourcesBuildPhase;
			buildActionMask = 2147483647;
			files = (
			);
			runOnlyForDeploymentPostprocessing = 0;
		};
/* End PBXResourcesBuildPhase section */

/* Begin PBXSourcesBuildPhase section */
		D63487651F8F1438009482F0 /* Sources */ = {
			isa = PBXSourcesBuildPhase;
			buildActionMask = 2147483647;
			files = (
				D634876F1F8F1438009482F0 /* ViewController.swift in Sources */,
				D634876D1F8F1438009482F0 /* AppDelegate.swift in Sources */,
			);
			runOnlyForDeploymentPostprocessing = 0;
		};
		D63487791F8F1438009482F0 /* Sources */ = {
			isa = PBXSourcesBuildPhase;
			buildActionMask = 2147483647;
			files = (
				D63487821F8F1438009482F0 /* Quiz12Oct_1Tests.swift in Sources */,
			);
			runOnlyForDeploymentPostprocessing = 0;
		};
		D63487841F8F1438009482F0 /* Sources */ = {
			isa = PBXSourcesBuildPhase;
			buildActionMask = 2147483647;
			files = (
				D634878D1F8F1438009482F0 /* Quiz12Oct_1UITests.swift in Sources */,
			);
			runOnlyForDeploymentPostprocessing = 0;
		};
/* End PBXSourcesBuildPhase section */

/* Begin PBXTargetDependency section */
		D634877F1F8F1438009482F0 /* PBXTargetDependency */ = {
			isa = PBXTargetDependency;
			target = D63487681F8F1438009482F0 /* Quiz12Oct_1 */;
			targetProxy = D634877E1F8F1438009482F0 /* PBXContainerItemProxy */;
		};
		D634878A1F8F1438009482F0 /* PBXTargetDependency */ = {
			isa = PBXTargetDependency;
			target = D63487681F8F1438009482F0 /* Quiz12Oct_1 */;
			targetProxy = D63487891F8F1438009482F0 /* PBXContainerItemProxy */;
		};
/* End PBXTargetDependency section */

/* Begin PBXVariantGroup section */
		D63487701F8F1438009482F0 /* Main.storyboard */ = {
			isa = PBXVariantGroup;
			children = (
				D63487711F8F1438009482F0 /* Base */,
			);
			name = Main.storyboard;
			sourceTree = "<group>";
		};
		D63487751F8F1438009482F0 /* LaunchScreen.storyboard */ = {
			isa = PBXVariantGroup;
			children = (
				D63487761F8F1438009482F0 /* Base */,
			);
			name = LaunchScreen.storyboard;
			sourceTree = "<group>";
		};
/* End PBXVariantGroup section */

/* Begin XCBuildConfiguration section */
		D634878F1F8F1438009482F0 /* Debug */ = {
			isa = XCBuildConfiguration;
			buildSettings = {
				ALWAYS_SEARCH_USER_PATHS = NO;
				CLANG_ANALYZER_NONNULL = YES;
				CLANG_ANALYZER_NUMBER_OBJECT_CONVERSION = YES_AGGRESSIVE;
				CLANG_CXX_LANGUAGE_STANDARD = "gnu++0x";
				CLANG_CXX_LIBRARY = "libc++";
				CLANG_ENABLE_MODULES = YES;
				CLANG_ENABLE_OBJC_ARC = YES;
				CLANG_WARN_BOOL_CONVERSION = YES;
				CLANG_WARN_CONSTANT_CONVERSION = YES;
				CLANG_WARN_DIRECT_OBJC_ISA_USAGE = YES_ERROR;
				CLANG_WARN_DOCUMENTATION_COMMENTS = YES;
				CLANG_WARN_EMPTY_BODY = YES;
				CLANG_WARN_ENUM_CONVERSION = YES;
				CLANG_WARN_INFINITE_RECURSION = YES;
				CLANG_WARN_INT_CONVERSION = YES;
				CLANG_WARN_OBJC_ROOT_CLASS = YES_ERROR;
				CLANG_WARN_SUSPICIOUS_MOVE = YES;
				CLANG_WARN_UNREACHABLE_CODE = YES;
				CLANG_WARN__DUPLICATE_METHOD_MATCH = YES;
				"CODE_SIGN_IDENTITY[sdk=iphoneos*]" = "iPhone Developer";
				COPY_PHASE_STRIP = NO;
				DEBUG_INFORMATION_FORMAT = dwarf;
				ENABLE_STRICT_OBJC_MSGSEND = YES;
				ENABLE_TESTABILITY = YES;
				GCC_C_LANGUAGE_STANDARD = gnu99;
				GCC_DYNAMIC_NO_PIC = NO;
				GCC_NO_COMMON_BLOCKS = YES;
				GCC_OPTIMIZATION_LEVEL = 0;
				GCC_PREPROCESSOR_DEFINITIONS = (
					"DEBUG=1",
					"$(inherited)",
				);
				GCC_WARN_64_TO_32_BIT_CONVERSION = YES;
				GCC_WARN_ABOUT_RETURN_TYPE = YES_ERROR;
				GCC_WARN_UNDECLARED_SELECTOR = YES;
				GCC_WARN_UNINITIALIZED_AUTOS = YES_AGGRESSIVE;
				GCC_WARN_UNUSED_FUNCTION = YES;
				GCC_WARN_UNUSED_VARIABLE = YES;
				IPHONEOS_DEPLOYMENT_TARGET = 10.3;
				MTL_ENABLE_DEBUG_INFO = YES;
				ONLY_ACTIVE_ARCH = YES;
				SDKROOT = iphoneos;
				SWIFT_ACTIVE_COMPILATION_CONDITIONS = DEBUG;
				SWIFT_OPTIMIZATION_LEVEL = "-Onone";
				TARGETED_DEVICE_FAMILY = "1,2";
			};
			name = Debug;
		};
		D63487901F8F1438009482F0 /* Release */ = {
			isa = XCBuildConfiguration;
			buildSettings = {
				ALWAYS_SEARCH_USER_PATHS = NO;
				CLANG_ANALYZER_NONNULL = YES;
				CLANG_ANALYZER_NUMBER_OBJECT_CONVERSION = YES_AGGRESSIVE;
				CLANG_CXX_LANGUAGE_STANDARD = "gnu++0x";
				CLANG_CXX_LIBRARY = "libc++";
				CLANG_ENABLE_MODULES = YES;
				CLANG_ENABLE_OBJC_ARC = YES;
				CLANG_WARN_BOOL_CONVERSION = YES;
				CLANG_WARN_CONSTANT_CONVERSION = YES;
				CLANG_WARN_DIRECT_OBJC_ISA_USAGE = YES_ERROR;
				CLANG_WARN_DOCUMENTATION_COMMENTS = YES;
				CLANG_WARN_EMPTY_BODY = YES;
				CLANG_WARN_ENUM_CONVERSION = YES;
				CLANG_WARN_INFINITE_RECURSION = YES;
				CLANG_WARN_INT_CONVERSION = YES;
				CLANG_WARN_OBJC_ROOT_CLASS = YES_ERROR;
				CLANG_WARN_SUSPICIOUS_MOVE = YES;
				CLANG_WARN_UNREACHABLE_CODE = YES;
				CLANG_WARN__DUPLICATE_METHOD_MATCH = YES;
				"CODE_SIGN_IDENTITY[sdk=iphoneos*]" = "iPhone Developer";
				COPY_PHASE_STRIP = NO;
				DEBUG_INFORMATION_FORMAT = "dwarf-with-dsym";
				ENABLE_NS_ASSERTIONS = NO;
				ENABLE_STRICT_OBJC_MSGSEND = YES;
				GCC_C_LANGUAGE_STANDARD = gnu99;
				GCC_NO_COMMON_BLOCKS = YES;
				GCC_WARN_64_TO_32_BIT_CONVERSION = YES;
				GCC_WARN_ABOUT_RETURN_TYPE = YES_ERROR;
				GCC_WARN_UNDECLARED_SELECTOR = YES;
				GCC_WARN_UNINITIALIZED_AUTOS = YES_AGGRESSIVE;
				GCC_WARN_UNUSED_FUNCTION = YES;
				GCC_WARN_UNUSED_VARIABLE = YES;
				IPHONEOS_DEPLOYMENT_TARGET = 10.3;
				MTL_ENABLE_DEBUG_INFO = NO;
				SDKROOT = iphoneos;
				SWIFT_OPTIMIZATION_LEVEL = "-Owholemodule";
				TARGETED_DEVICE_FAMILY = "1,2";
				VALIDATE_PRODUCT = YES;
			};
			name = Release;
		};
		D63487921F8F1438009482F0 /* Debug */ = {
			isa = XCBuildConfiguration;
			buildSettings = {
				ASSETCATALOG_COMPILER_APPICON_NAME = AppIcon;
				INFOPLIST_FILE = Quiz12Oct_1/Info.plist;
				LD_RUNPATH_SEARCH_PATHS = "$(inherited) @executable_path/Frameworks";
				PRODUCT_BUNDLE_IDENTIFIER = "Unique-Developers.Quiz12Oct-1";
				PRODUCT_NAME = "$(TARGET_NAME)";
				SWIFT_VERSION = 3.0;
			};
			name = Debug;
		};
		D63487931F8F1438009482F0 /* Release */ = {
			isa = XCBuildConfiguration;
			buildSettings = {
				ASSETCATALOG_COMPILER_APPICON_NAME = AppIcon;
				INFOPLIST_FILE = Quiz12Oct_1/Info.plist;
				LD_RUNPATH_SEARCH_PATHS = "$(inherited) @executable_path/Frameworks";
				PRODUCT_BUNDLE_IDENTIFIER = "Unique-Developers.Quiz12Oct-1";
				PRODUCT_NAME = "$(TARGET_NAME)";
				SWIFT_VERSION = 3.0;
			};
			name = Release;
		};
		D63487951F8F1438009482F0 /* Debug */ = {
			isa = XCBuildConfiguration;
			buildSettings = {
				ALWAYS_EMBED_SWIFT_STANDARD_LIBRARIES = YES;
				BUNDLE_LOADER = "$(TEST_HOST)";
				INFOPLIST_FILE = Quiz12Oct_1Tests/Info.plist;
				LD_RUNPATH_SEARCH_PATHS = "$(inherited) @executable_path/Frameworks @loader_path/Frameworks";
				PRODUCT_BUNDLE_IDENTIFIER = "Unique-Developers.Quiz12Oct-1Tests";
				PRODUCT_NAME = "$(TARGET_NAME)";
				SWIFT_VERSION = 3.0;
				TEST_HOST = "$(BUILT_PRODUCTS_DIR)/Quiz12Oct_1.app/Quiz12Oct_1";
			};
			name = Debug;
		};
		D63487961F8F1438009482F0 /* Release */ = {
			isa = XCBuildConfiguration;
			buildSettings = {
				ALWAYS_EMBED_SWIFT_STANDARD_LIBRARIES = YES;
				BUNDLE_LOADER = "$(TEST_HOST)";
				INFOPLIST_FILE = Quiz12Oct_1Tests/Info.plist;
				LD_RUNPATH_SEARCH_PATHS = "$(inherited) @executable_path/Frameworks @loader_path/Frameworks";
				PRODUCT_BUNDLE_IDENTIFIER = "Unique-Developers.Quiz12Oct-1Tests";
				PRODUCT_NAME = "$(TARGET_NAME)";
				SWIFT_VERSION = 3.0;
				TEST_HOST = "$(BUILT_PRODUCTS_DIR)/Quiz12Oct_1.app/Quiz12Oct_1";
			};
			name = Release;
		};
		D63487981F8F1438009482F0 /* Debug */ = {
			isa = XCBuildConfiguration;
			buildSettings = {
				ALWAYS_EMBED_SWIFT_STANDARD_LIBRARIES = YES;
				INFOPLIST_FILE = Quiz12Oct_1UITests/Info.plist;
				LD_RUNPATH_SEARCH_PATHS = "$(inherited) @executable_path/Frameworks @loader_path/Frameworks";
				PRODUCT_BUNDLE_IDENTIFIER = "Unique-Developers.Quiz12Oct-1UITests";
				PRODUCT_NAME = "$(TARGET_NAME)";
				SWIFT_VERSION = 3.0;
				TEST_TARGET_NAME = Quiz12Oct_1;
			};
			name = Debug;
		};
		D63487991F8F1438009482F0 /* Release */ = {
			isa = XCBuildConfiguration;
			buildSettings = {
				ALWAYS_EMBED_SWIFT_STANDARD_LIBRARIES = YES;
				INFOPLIST_FILE = Quiz12Oct_1UITests/Info.plist;
				LD_RUNPATH_SEARCH_PATHS = "$(inherited) @executable_path/Frameworks @loader_path/Frameworks";
				PRODUCT_BUNDLE_IDENTIFIER = "Unique-Developers.Quiz12Oct-1UITests";
				PRODUCT_NAME = "$(TARGET_NAME)";
				SWIFT_VERSION = 3.0;
				TEST_TARGET_NAME = Quiz12Oct_1;
			};
			name = Release;
		};
/* End XCBuildConfiguration section */

/* Begin XCConfigurationList section */
		D63487641F8F1438009482F0 /* Build configuration list for PBXProject "Quiz12Oct_1" */ = {
			isa = XCConfigurationList;
			buildConfigurations = (
				D634878F1F8F1438009482F0 /* Debug */,
				D63487901F8F1438009482F0 /* Release */,
			);
			defaultConfigurationIsVisible = 0;
			defaultConfigurationName = Release;
		};
		D63487911F8F1438009482F0 /* Build configuration list for PBXNativeTarget "Quiz12Oct_1" */ = {
			isa = XCConfigurationList;
			buildConfigurations = (
				D63487921F8F1438009482F0 /* Debug */,
				D63487931F8F1438009482F0 /* Release */,
			);
			defaultConfigurationIsVisible = 0;
		};
		D63487941F8F1438009482F0 /* Build configuration list for PBXNativeTarget "Quiz12Oct_1Tests" */ = {
			isa = XCConfigurationList;
			buildConfigurations = (
				D63487951F8F1438009482F0 /* Debug */,
				D63487961F8F1438009482F0 /* Release */,
			);
			defaultConfigurationIsVisible = 0;
		};
		D63487971F8F1438009482F0 /* Build configuration list for PBXNativeTarget "Quiz12Oct_1UITests" */ = {
			isa = XCConfigurationList;
			buildConfigurations = (
				D63487981F8F1438009482F0 /* Debug */,
				D63487991F8F1438009482F0 /* Release */,
			);
			defaultConfigurationIsVisible = 0;
		};
/* End XCConfigurationList section */
	};
	rootObject = D63487611F8F1438009482F0 /* Project object */;
}
